// !$*UTF8*$!
{
	archiveVersion = 1;
	classes = {
	};
	objectVersion = 46;
	objects = {

/* Begin PBXBuildFile section */
		611E73B9178F138400378B4E /* UIKit.framework in Frameworks */ = {isa = PBXBuildFile; fileRef = 611E73B8178F138400378B4E /* UIKit.framework */; };
		611E73BB178F138400378B4E /* Foundation.framework in Frameworks */ = {isa = PBXBuildFile; fileRef = 611E73BA178F138400378B4E /* Foundation.framework */; };
		611E73BD178F138400378B4E /* CoreGraphics.framework in Frameworks */ = {isa = PBXBuildFile; fileRef = 611E73BC178F138400378B4E /* CoreGraphics.framework */; };
		611E73C3178F138400378B4E /* InfoPlist.strings in Resources */ = {isa = PBXBuildFile; fileRef = 611E73C1178F138400378B4E /* InfoPlist.strings */; };
		611E73C5178F138400378B4E /* main.m in Sources */ = {isa = PBXBuildFile; fileRef = 611E73C4178F138400378B4E /* main.m */; };
		611E73C9178F138400378B4E /* XYAppDelegate.m in Sources */ = {isa = PBXBuildFile; fileRef = 611E73C8178F138400378B4E /* XYAppDelegate.m */; };
		611E73CB178F138400378B4E /* Default.png in Resources */ = {isa = PBXBuildFile; fileRef = 611E73CA178F138400378B4E /* Default.png */; };
		611E73CD178F138400378B4E /* Default@2x.png in Resources */ = {isa = PBXBuildFile; fileRef = 611E73CC178F138400378B4E /* Default@2x.png */; };
		611E73CF178F138400378B4E /* Default-568h@2x.png in Resources */ = {isa = PBXBuildFile; fileRef = 611E73CE178F138400378B4E /* Default-568h@2x.png */; };
		611E73D2178F138400378B4E /* XYViewController.m in Sources */ = {isa = PBXBuildFile; fileRef = 611E73D1178F138400378B4E /* XYViewController.m */; };
		611E73D5178F138400378B4E /* XYViewController.xib in Resources */ = {isa = PBXBuildFile; fileRef = 611E73D3178F138400378B4E /* XYViewController.xib */; };
		611E73DC178F14CB00378B4E /* sortednames.plist in Resources */ = {isa = PBXBuildFile; fileRef = 611E73DB178F14CB00378B4E /* sortednames.plist */; };
/* End PBXBuildFile section */

/* Begin PBXFileReference section */
		611E73B5178F138400378B4E /* Sections.app */ = {isa = PBXFileReference; explicitFileType = wrapper.application; includeInIndex = 0; path = Sections.app; sourceTree = BUILT_PRODUCTS_DIR; };
		611E73B8178F138400378B4E /* UIKit.framework */ = {isa = PBXFileReference; lastKnownFileType = wrapper.framework; name = UIKit.framework; path = System/Library/Frameworks/UIKit.framework; sourceTree = SDKROOT; };
		611E73BA178F138400378B4E /* Foundation.framework */ = {isa = PBXFileReference; lastKnownFileType = wrapper.framework; name = Foundation.framework; path = System/Library/Frameworks/Foundation.framework; sourceTree = SDKROOT; };
		611E73BC178F138400378B4E /* CoreGraphics.framework */ = {isa = PBXFileReference; lastKnownFileType = wrapper.framework; name = CoreGraphics.framework; path = System/Library/Frameworks/CoreGraphics.framework; sourceTree = SDKROOT; };
		611E73C0178F138400378B4E /* Sections-Info.plist */ = {isa = PBXFileReference; lastKnownFileType = text.plist.xml; path = "Sections-Info.plist"; sourceTree = "<group>"; };
		611E73C2178F138400378B4E /* en */ = {isa = PBXFileReference; lastKnownFileType = text.plist.strings; name = en; path = en.lproj/InfoPlist.strings; sourceTree = "<group>"; };
		611E73C4178F138400378B4E /* main.m */ = {isa = PBXFileReference; lastKnownFileType = sourcecode.c.objc; path = main.m; sourceTree = "<group>"; };
		611E73C6178F138400378B4E /* Sections-Prefix.pch */ = {isa = PBXFileReference; lastKnownFileType = sourcecode.c.h; path = "Sections-Prefix.pch"; sourceTree = "<group>"; };
		611E73C7178F138400378B4E /* XYAppDelegate.h */ = {isa = PBXFileReference; lastKnownFileType = sourcecode.c.h; path = XYAppDelegate.h; sourceTree = "<group>"; };
		611E73C8178F138400378B4E /* XYAppDelegate.m */ = {isa = PBXFileReference; lastKnownFileType = sourcecode.c.objc; path = XYAppDelegate.m; sourceTree = "<group>"; };
		611E73CA178F138400378B4E /* Default.png */ = {isa = PBXFileReference; lastKnownFileType = image.png; path = Default.png; sourceTree = "<group>"; };
		611E73CC178F138400378B4E /* Default@2x.png */ = {isa = PBXFileReference; lastKnownFileType = image.png; path = "Default@2x.png"; sourceTree = "<group>"; };
		611E73CE178F138400378B4E /* Default-568h@2x.png */ = {isa = PBXFileReference; lastKnownFileType = image.png; path = "Default-568h@2x.png"; sourceTree = "<group>"; };
		611E73D0178F138400378B4E /* XYViewController.h */ = {isa = PBXFileReference; lastKnownFileType = sourcecode.c.h; path = XYViewController.h; sourceTree = "<group>"; };
		611E73D1178F138400378B4E /* XYViewController.m */ = {isa = PBXFileReference; lastKnownFileType = sourcecode.c.objc; path = XYViewController.m; sourceTree = "<group>"; };
		611E73D4178F138400378B4E /* en */ = {isa = PBXFileReference; lastKnownFileType = file.xib; name = en; path = en.lproj/XYViewController.xib; sourceTree = "<group>"; };
		611E73DB178F14CB00378B4E /* sortednames.plist */ = {isa = PBXFileReference; fileEncoding = 4; lastKnownFileType = text.plist.xml; path = sortednames.plist; sourceTree = "<group>"; };
/* End PBXFileReference section */

/* Begin PBXFrameworksBuildPhase section */
		611E73B2178F138400378B4E /* Frameworks */ = {
			isa = PBXFrameworksBuildPhase;
			buildActionMask = 2147483647;
			files = (
				611E73B9178F138400378B4E /* UIKit.framework in Frameworks */,
				611E73BB178F138400378B4E /* Foundation.framework in Frameworks */,
				611E73BD178F138400378B4E /* CoreGraphics.framework in Frameworks */,
			);
			runOnlyForDeploymentPostprocessing = 0;
		};
/* End PBXFrameworksBuildPhase section */

/* Begin PBXGroup section */
		611E73AC178F138400378B4E = {
			isa = PBXGroup;
			children = (
				611E73BE178F138400378B4E /* Sections */,
				611E73B7178F138400378B4E /* Frameworks */,
				611E73B6178F138400378B4E /* Products */,
			);
			sourceTree = "<group>";
		};
		611E73B6178F138400378B4E /* Products */ = {
			isa = PBXGroup;
			children = (
				611E73B5178F138400378B4E /* Sections.app */,
			);
			name = Products;
			sourceTree = "<group>";
		};
		611E73B7178F138400378B4E /* Frameworks */ = {
			isa = PBXGroup;
			children = (
				611E73B8178F138400378B4E /* UIKit.framework */,
				611E73BA178F138400378B4E /* Foundation.framework */,
				611E73BC178F138400378B4E /* CoreGraphics.framework */,
			);
			name = Frameworks;
			sourceTree = "<group>";
		};
		611E73BE178F138400378B4E /* Sections */ = {
			isa = PBXGroup;
			children = (
				611E73C7178F138400378B4E /* XYAppDelegate.h */,
				611E73C8178F138400378B4E /* XYAppDelegate.m */,
				611E73D0178F138400378B4E /* XYViewController.h */,
				611E73D1178F138400378B4E /* XYViewController.m */,
				611E73D3178F138400378B4E /* XYViewController.xib */,
				611E73BF178F138400378B4E /* Supporting Files */,
			);
			path = Sections;
			sourceTree = "<group>";
		};
		611E73BF178F138400378B4E /* Supporting Files */ = {
			isa = PBXGroup;
			children = (
				611E73DB178F14CB00378B4E /* sortednames.plist */,
				611E73C0178F138400378B4E /* Sections-Info.plist */,
				611E73C1178F138400378B4E /* InfoPlist.strings */,
				611E73C4178F138400378B4E /* main.m */,
				611E73C6178F138400378B4E /* Sections-Prefix.pch */,
				611E73CA178F138400378B4E /* Default.png */,
				611E73CC178F138400378B4E /* Default@2x.png */,
				611E73CE178F138400378B4E /* Default-568h@2x.png */,
			);
			name = "Supporting Files";
			sourceTree = "<group>";
		};
/* End PBXGroup section */

/* Begin PBXNativeTarget section */
		611E73B4178F138400378B4E /* Sections */ = {
			isa = PBXNativeTarget;
			buildConfigurationList = 611E73D8178F138400378B4E /* Build configuration list for PBXNativeTarget "Sections" */;
			buildPhases = (
				611E73B1178F138400378B4E /* Sources */,
				611E73B2178F138400378B4E /* Frameworks */,
				611E73B3178F138400378B4E /* Resources */,
			);
			buildRules = (
			);
			dependencies = (
			);
			name = Sections;
			productName = Sections;
			productReference = 611E73B5178F138400378B4E /* Sections.app */;
			productType = "com.apple.product-type.application";
		};
/* End PBXNativeTarget section */

/* Begin PBXProject section */
		611E73AD178F138400378B4E /* Project object */ = {
			isa = PBXProject;
			attributes = {
				CLASSPREFIX = XY;
				LastUpgradeCheck = 0460;
				ORGANIZATIONNAME = "Xia Yong";
			};
			buildConfigurationList = 611E73B0178F138400378B4E /* Build configuration list for PBXProject "Sections" */;
			compatibilityVersion = "Xcode 3.2";
			developmentRegion = English;
			hasScannedForEncodings = 0;
			knownRegions = (
				en,
			);
			mainGroup = 611E73AC178F138400378B4E;
			productRefGroup = 611E73B6178F138400378B4E /* Products */;
			projectDirPath = "";
			projectRoot = "";
			targets = (
				611E73B4178F138400378B4E /* Sections */,
			);
		};
/* End PBXProject section */

/* Begin PBXResourcesBuildPhase section */
		611E73B3178F138400378B4E /* Resources */ = {
			isa = PBXResourcesBuildPhase;
			buildActionMask = 2147483647;
			files = (
				611E73C3178F138400378B4E /* InfoPlist.strings in Resources */,
				611E73CB178F138400378B4E /* Default.png in Resources */,
				611E73CD178F138400378B4E /* Default@2x.png in Resources */,
				611E73CF178F138400378B4E /* Default-568h@2x.png in Resources */,
				611E73D5178F138400378B4E /* XYViewController.xib in Resources */,
				611E73DC178F14CB00378B4E /* sortednames.plist in Resources */,
			);
			runOnlyForDeploymentPostprocessing = 0;
		};
/* End PBXResourcesBuildPhase section */

/* Begin PBXSourcesBuildPhase section */
		611E73B1178F138400378B4E /* Sources */ = {
			isa = PBXSourcesBuildPhase;
			buildActionMask = 2147483647;
			files = (
				611E73C5178F138400378B4E /* main.m in Sources */,
				611E73C9178F138400378B4E /* XYAppDelegate.m in Sources */,
				611E73D2178F138400378B4E /* XYViewController.m in Sources */,
			);
			runOnlyForDeploymentPostprocessing = 0;
		};
/* End PBXSourcesBuildPhase section */

/* Begin PBXVariantGroup section */
		611E73C1178F138400378B4E /* InfoPlist.strings */ = {
			isa = PBXVariantGroup;
			children = (
				611E73C2178F138400378B4E /* en */,
			);
			name = InfoPlist.strings;
			sourceTree = "<group>";
		};
		611E73D3178F138400378B4E /* XYViewController.xib */ = {
			isa = PBXVariantGroup;
			children = (
				611E73D4178F138400378B4E /* en */,
			);
			name = XYViewController.xib;
			sourceTree = "<group>";
		};
/* End PBXVariantGroup section */

/* Begin XCBuildConfiguration section */
		611E73D6178F138400378B4E /* Debug */ = {
			isa = XCBuildConfiguration;
			buildSettings = {
				ALWAYS_SEARCH_USER_PATHS = NO;
				CLANG_CXX_LANGUAGE_STANDARD = "gnu++0x";
				CLANG_CXX_LIBRARY = "libc++";
				CLANG_ENABLE_OBJC_ARC = YES;
				CLANG_WARN_CONSTANT_CONVERSION = YES;
				CLANG_WARN_EMPTY_BODY = YES;
				CLANG_WARN_ENUM_CONVERSION = YES;
				CLANG_WARN_INT_CONVERSION = YES;
				CLANG_WARN__DUPLICATE_METHOD_MATCH = YES;
				"CODE_SIGN_IDENTITY[sdk=iphoneos*]" = "iPhone Developer";
				COPY_PHASE_STRIP = NO;
				GCC_C_LANGUAGE_STANDARD = gnu99;
				GCC_DYNAMIC_NO_PIC = NO;
				GCC_OPTIMIZATION_LEVEL = 0;
				GCC_PREPROCESSOR_DEFINITIONS = (
					"DEBUG=1",
					"$(inherited)",
				);
				GCC_SYMBOLS_PRIVATE_EXTERN = NO;
				GCC_WARN_ABOUT_RETURN_TYPE = YES;
				GCC_WARN_UNINITIALIZED_AUTOS = YES;
				GCC_WARN_UNUSED_VARIABLE = YES;
				IPHONEOS_DEPLOYMENT_TARGET = 6.1;
				ONLY_ACTIVE_ARCH = YES;
				SDKROOT = iphoneos;
			};
			name = Debug;
		};
		611E73D7178F138400378B4E /* Release */ = {
			isa = XCBuildConfiguration;
			buildSettings = {
				ALWAYS_SEARCH_USER_PATHS = NO;
				CLANG_CXX_LANGUAGE_STANDARD = "gnu++0x";
				CLANG_CXX_LIBRARY = "libc++";
				CLANG_ENABLE_OBJC_ARC = YES;
				CLANG_WARN_CONSTANT_CONVERSION = YES;
				CLANG_WARN_EMPTY_BODY = YES;
				CLANG_WARN_ENUM_CONVERSION = YES;
				CLANG_WARN_INT_CONVERSION = YES;
				CLANG_WARN__DUPLICATE_METHOD_MATCH = YES;
				"CODE_SIGN_IDENTITY[sdk=iphoneos*]" = "iPhone Developer";
				COPY_PHASE_STRIP = YES;
				GCC_C_LANGUAGE_STANDARD = gnu99;
				GCC_WARN_ABOUT_RETURN_TYPE = YES;
				GCC_WARN_UNINITIALIZED_AUTOS = YES;
				GCC_WARN_UNUSED_VARIABLE = YES;
				IPHONEOS_DEPLOYMENT_TARGET = 6.1;
				OTHER_CFLAGS = "-DNS_BLOCK_ASSERTIONS=1";
				SDKROOT = iphoneos;
				VALIDATE_PRODUCT = YES;
			};
			name = Release;
		};
		611E73D9178F138400378B4E /* Debug */ = {
			isa = XCBuildConfiguration;
			buildSettings = {
				GCC_PRECOMPILE_PREFIX_HEADER = YES;
				GCC_PREFIX_HEADER = "Sections/Sections-Prefix.pch";
				INFOPLIST_FILE = "Sections/Sections-Info.plist";
				PRODUCT_NAME = "$(TARGET_NAME)";
				WRAPPER_EXTENSION = app;
			};
			name = Debug;
		};
		611E73DA178F138400378B4E /* Release */ = {
			isa = XCBuildConfiguration;
			buildSettings = {
				GCC_PRECOMPILE_PREFIX_HEADER = YES;
				GCC_PREFIX_HEADER = "Sections/Sections-Prefix.pch";
				INFOPLIST_FILE = "Sections/Sections-Info.plist";
				PRODUCT_NAME = "$(TARGET_NAME)";
				WRAPPER_EXTENSION = app;
			};
			name = Release;
		};
/* End XCBuildConfiguration section */

/* Begin XCConfigurationList section */
		611E73B0178F138400378B4E /* Build configuration list for PBXProject "Sections" */ = {
			isa = XCConfigurationList;
			buildConfigurations = (
				611E73D6178F138400378B4E /* Debug */,
				611E73D7178F138400378B4E /* Release */,
			);
			defaultConfigurationIsVisible = 0;
			defaultConfigurationName = Release;
		};
		611E73D8178F138400378B4E /* Build configuration list for PBXNativeTarget "Sections" */ = {
			isa = XCConfigurationList;
			buildConfigurations = (
				611E73D9178F138400378B4E /* Debug */,
				611E73DA178F138400378B4E /* Release */,
			);
			defaultConfigurationIsVisible = 0;
		};
/* End XCConfigurationList section */
	};
	rootObject = 611E73AD178F138400378B4E /* Project object */;
}
