// !$*UTF8*$!
{
	archiveVersion = 1;
	classes = {
	};
	objectVersion = 46;
	objects = {

/* Begin PBXBuildFile section */
		610AFC62178741EB0086CDBF /* apple.png in Resources */ = {isa = PBXBuildFile; fileRef = 610AFC5C178741EB0086CDBF /* apple.png */; };
		610AFC63178741EB0086CDBF /* bar.png in Resources */ = {isa = PBXBuildFile; fileRef = 610AFC5D178741EB0086CDBF /* bar.png */; };
		610AFC64178741EB0086CDBF /* cherry.png in Resources */ = {isa = PBXBuildFile; fileRef = 610AFC5E178741EB0086CDBF /* cherry.png */; };
		610AFC65178741EB0086CDBF /* crown.png in Resources */ = {isa = PBXBuildFile; fileRef = 610AFC5F178741EB0086CDBF /* crown.png */; };
		610AFC66178741EB0086CDBF /* lemon.png in Resources */ = {isa = PBXBuildFile; fileRef = 610AFC60178741EB0086CDBF /* lemon.png */; };
		610AFC67178741EB0086CDBF /* seven.png in Resources */ = {isa = PBXBuildFile; fileRef = 610AFC61178741EB0086CDBF /* seven.png */; };
		610AFC6A17897EC50086CDBF /* crunch.wav in Resources */ = {isa = PBXBuildFile; fileRef = 610AFC6817897EC50086CDBF /* crunch.wav */; };
		610AFC6B17897EC50086CDBF /* win.wav in Resources */ = {isa = PBXBuildFile; fileRef = 610AFC6917897EC50086CDBF /* win.wav */; };
		610AFC6D178986130086CDBF /* AudioToolbox.framework in Frameworks */ = {isa = PBXBuildFile; fileRef = 610AFC6C178986130086CDBF /* AudioToolbox.framework */; };
		618F44E21736F49F004CC353 /* UIKit.framework in Frameworks */ = {isa = PBXBuildFile; fileRef = 618F44E11736F49F004CC353 /* UIKit.framework */; };
		618F44E41736F49F004CC353 /* Foundation.framework in Frameworks */ = {isa = PBXBuildFile; fileRef = 618F44E31736F49F004CC353 /* Foundation.framework */; };
		618F44E61736F49F004CC353 /* CoreGraphics.framework in Frameworks */ = {isa = PBXBuildFile; fileRef = 618F44E51736F49F004CC353 /* CoreGraphics.framework */; };
		618F44EC1736F49F004CC353 /* InfoPlist.strings in Resources */ = {isa = PBXBuildFile; fileRef = 618F44EA1736F49F004CC353 /* InfoPlist.strings */; };
		618F44EE1736F49F004CC353 /* main.m in Sources */ = {isa = PBXBuildFile; fileRef = 618F44ED1736F49F004CC353 /* main.m */; };
		618F44F21736F49F004CC353 /* XYAppDelegate.m in Sources */ = {isa = PBXBuildFile; fileRef = 618F44F11736F49F004CC353 /* XYAppDelegate.m */; };
		618F44F41736F49F004CC353 /* Default.png in Resources */ = {isa = PBXBuildFile; fileRef = 618F44F31736F49F004CC353 /* Default.png */; };
		618F44F61736F49F004CC353 /* Default@2x.png in Resources */ = {isa = PBXBuildFile; fileRef = 618F44F51736F49F004CC353 /* Default@2x.png */; };
		618F44F81736F49F004CC353 /* Default-568h@2x.png in Resources */ = {isa = PBXBuildFile; fileRef = 618F44F71736F49F004CC353 /* Default-568h@2x.png */; };
		618F45011736F597004CC353 /* XYDatePickerViewController.m in Sources */ = {isa = PBXBuildFile; fileRef = 618F44FF1736F597004CC353 /* XYDatePickerViewController.m */; };
		618F45061736F669004CC353 /* XYSingleComponentPickerViewController.m in Sources */ = {isa = PBXBuildFile; fileRef = 618F45041736F669004CC353 /* XYSingleComponentPickerViewController.m */; };
		618F450B1736F6B3004CC353 /* XYDoubleComponentPickerViewController.m in Sources */ = {isa = PBXBuildFile; fileRef = 618F45091736F6B3004CC353 /* XYDoubleComponentPickerViewController.m */; };
		618F45101736F6E9004CC353 /* XYDependentComponentPickerViewController.m in Sources */ = {isa = PBXBuildFile; fileRef = 618F450E1736F6E9004CC353 /* XYDependentComponentPickerViewController.m */; };
		618F45151736F716004CC353 /* XYCustomPickerViewController.m in Sources */ = {isa = PBXBuildFile; fileRef = 618F45131736F716004CC353 /* XYCustomPickerViewController.m */; };
		618F45211736F791004CC353 /* XYCustomPickerViewController.xib in Resources */ = {isa = PBXBuildFile; fileRef = 618F45171736F791004CC353 /* XYCustomPickerViewController.xib */; };
		618F45221736F791004CC353 /* XYDatePickerViewController.xib in Resources */ = {isa = PBXBuildFile; fileRef = 618F45191736F791004CC353 /* XYDatePickerViewController.xib */; };
		618F45231736F791004CC353 /* XYDependentComponentPickerViewController.xib in Resources */ = {isa = PBXBuildFile; fileRef = 618F451B1736F791004CC353 /* XYDependentComponentPickerViewController.xib */; };
		618F45241736F791004CC353 /* XYDoubleComponentPickerViewController.xib in Resources */ = {isa = PBXBuildFile; fileRef = 618F451D1736F791004CC353 /* XYDoubleComponentPickerViewController.xib */; };
		618F45251736F791004CC353 /* XYSingleComponentPickerViewController.xib in Resources */ = {isa = PBXBuildFile; fileRef = 618F451F1736F791004CC353 /* XYSingleComponentPickerViewController.xib */; };
		618F452A1736FAF0004CC353 /* XYTabBarController.xib in Resources */ = {isa = PBXBuildFile; fileRef = 618F45281736FAF0004CC353 /* XYTabBarController.xib */; };
		618F453417370337004CC353 /* clockicon.png in Resources */ = {isa = PBXBuildFile; fileRef = 618F452F17370337004CC353 /* clockicon.png */; };
		618F453517370337004CC353 /* dependenticon.png in Resources */ = {isa = PBXBuildFile; fileRef = 618F453017370337004CC353 /* dependenticon.png */; };
		618F453617370337004CC353 /* doubleicon.png in Resources */ = {isa = PBXBuildFile; fileRef = 618F453117370337004CC353 /* doubleicon.png */; };
		618F453717370337004CC353 /* singleicon.png in Resources */ = {isa = PBXBuildFile; fileRef = 618F453217370337004CC353 /* singleicon.png */; };
		618F453817370337004CC353 /* toolicon.png in Resources */ = {isa = PBXBuildFile; fileRef = 618F453317370337004CC353 /* toolicon.png */; };
		618F453B17383ACF004CC353 /* statedictionary.plist in Resources */ = {isa = PBXBuildFile; fileRef = 618F453917383ACF004CC353 /* statedictionary.plist */; };
/* End PBXBuildFile section */

/* Begin PBXFileReference section */
		610AFC5C178741EB0086CDBF /* apple.png */ = {isa = PBXFileReference; lastKnownFileType = image.png; path = apple.png; sourceTree = "<group>"; };
		610AFC5D178741EB0086CDBF /* bar.png */ = {isa = PBXFileReference; lastKnownFileType = image.png; path = bar.png; sourceTree = "<group>"; };
		610AFC5E178741EB0086CDBF /* cherry.png */ = {isa = PBXFileReference; lastKnownFileType = image.png; path = cherry.png; sourceTree = "<group>"; };
		610AFC5F178741EB0086CDBF /* crown.png */ = {isa = PBXFileReference; lastKnownFileType = image.png; path = crown.png; sourceTree = "<group>"; };
		610AFC60178741EB0086CDBF /* lemon.png */ = {isa = PBXFileReference; lastKnownFileType = image.png; path = lemon.png; sourceTree = "<group>"; };
		610AFC61178741EB0086CDBF /* seven.png */ = {isa = PBXFileReference; lastKnownFileType = image.png; path = seven.png; sourceTree = "<group>"; };
		610AFC6817897EC50086CDBF /* crunch.wav */ = {isa = PBXFileReference; lastKnownFileType = audio.wav; path = crunch.wav; sourceTree = "<group>"; };
		610AFC6917897EC50086CDBF /* win.wav */ = {isa = PBXFileReference; lastKnownFileType = audio.wav; path = win.wav; sourceTree = "<group>"; };
		610AFC6C178986130086CDBF /* AudioToolbox.framework */ = {isa = PBXFileReference; lastKnownFileType = wrapper.framework; name = AudioToolbox.framework; path = System/Library/Frameworks/AudioToolbox.framework; sourceTree = SDKROOT; };
		618F44DE1736F49F004CC353 /* Pickers.app */ = {isa = PBXFileReference; explicitFileType = wrapper.application; includeInIndex = 0; path = Pickers.app; sourceTree = BUILT_PRODUCTS_DIR; };
		618F44E11736F49F004CC353 /* UIKit.framework */ = {isa = PBXFileReference; lastKnownFileType = wrapper.framework; name = UIKit.framework; path = System/Library/Frameworks/UIKit.framework; sourceTree = SDKROOT; };
		618F44E31736F49F004CC353 /* Foundation.framework */ = {isa = PBXFileReference; lastKnownFileType = wrapper.framework; name = Foundation.framework; path = System/Library/Frameworks/Foundation.framework; sourceTree = SDKROOT; };
		618F44E51736F49F004CC353 /* CoreGraphics.framework */ = {isa = PBXFileReference; lastKnownFileType = wrapper.framework; name = CoreGraphics.framework; path = System/Library/Frameworks/CoreGraphics.framework; sourceTree = SDKROOT; };
		618F44E91736F49F004CC353 /* Pickers-Info.plist */ = {isa = PBXFileReference; lastKnownFileType = text.plist.xml; path = "Pickers-Info.plist"; sourceTree = "<group>"; };
		618F44EB1736F49F004CC353 /* en */ = {isa = PBXFileReference; lastKnownFileType = text.plist.strings; name = en; path = en.lproj/InfoPlist.strings; sourceTree = "<group>"; };
		618F44ED1736F49F004CC353 /* main.m */ = {isa = PBXFileReference; lastKnownFileType = sourcecode.c.objc; path = main.m; sourceTree = "<group>"; };
		618F44EF1736F49F004CC353 /* Pickers-Prefix.pch */ = {isa = PBXFileReference; lastKnownFileType = sourcecode.c.h; path = "Pickers-Prefix.pch"; sourceTree = "<group>"; };
		618F44F01736F49F004CC353 /* XYAppDelegate.h */ = {isa = PBXFileReference; lastKnownFileType = sourcecode.c.h; path = XYAppDelegate.h; sourceTree = "<group>"; };
		618F44F11736F49F004CC353 /* XYAppDelegate.m */ = {isa = PBXFileReference; lastKnownFileType = sourcecode.c.objc; path = XYAppDelegate.m; sourceTree = "<group>"; };
		618F44F31736F49F004CC353 /* Default.png */ = {isa = PBXFileReference; lastKnownFileType = image.png; path = Default.png; sourceTree = "<group>"; };
		618F44F51736F49F004CC353 /* Default@2x.png */ = {isa = PBXFileReference; lastKnownFileType = image.png; path = "Default@2x.png"; sourceTree = "<group>"; };
		618F44F71736F49F004CC353 /* Default-568h@2x.png */ = {isa = PBXFileReference; lastKnownFileType = image.png; path = "Default-568h@2x.png"; sourceTree = "<group>"; };
		618F44FE1736F597004CC353 /* XYDatePickerViewController.h */ = {isa = PBXFileReference; fileEncoding = 4; lastKnownFileType = sourcecode.c.h; path = XYDatePickerViewController.h; sourceTree = "<group>"; };
		618F44FF1736F597004CC353 /* XYDatePickerViewController.m */ = {isa = PBXFileReference; fileEncoding = 4; lastKnownFileType = sourcecode.c.objc; path = XYDatePickerViewController.m; sourceTree = "<group>"; };
		618F45031736F669004CC353 /* XYSingleComponentPickerViewController.h */ = {isa = PBXFileReference; fileEncoding = 4; lastKnownFileType = sourcecode.c.h; path = XYSingleComponentPickerViewController.h; sourceTree = "<group>"; };
		618F45041736F669004CC353 /* XYSingleComponentPickerViewController.m */ = {isa = PBXFileReference; fileEncoding = 4; lastKnownFileType = sourcecode.c.objc; path = XYSingleComponentPickerViewController.m; sourceTree = "<group>"; };
		618F45081736F6B3004CC353 /* XYDoubleComponentPickerViewController.h */ = {isa = PBXFileReference; fileEncoding = 4; lastKnownFileType = sourcecode.c.h; path = XYDoubleComponentPickerViewController.h; sourceTree = "<group>"; };
		618F45091736F6B3004CC353 /* XYDoubleComponentPickerViewController.m */ = {isa = PBXFileReference; fileEncoding = 4; lastKnownFileType = sourcecode.c.objc; path = XYDoubleComponentPickerViewController.m; sourceTree = "<group>"; };
		618F450D1736F6E9004CC353 /* XYDependentComponentPickerViewController.h */ = {isa = PBXFileReference; fileEncoding = 4; lastKnownFileType = sourcecode.c.h; path = XYDependentComponentPickerViewController.h; sourceTree = "<group>"; };
		618F450E1736F6E9004CC353 /* XYDependentComponentPickerViewController.m */ = {isa = PBXFileReference; fileEncoding = 4; lastKnownFileType = sourcecode.c.objc; path = XYDependentComponentPickerViewController.m; sourceTree = "<group>"; };
		618F45121736F716004CC353 /* XYCustomPickerViewController.h */ = {isa = PBXFileReference; fileEncoding = 4; lastKnownFileType = sourcecode.c.h; path = XYCustomPickerViewController.h; sourceTree = "<group>"; };
		618F45131736F716004CC353 /* XYCustomPickerViewController.m */ = {isa = PBXFileReference; fileEncoding = 4; lastKnownFileType = sourcecode.c.objc; path = XYCustomPickerViewController.m; sourceTree = "<group>"; };
		618F45181736F791004CC353 /* en */ = {isa = PBXFileReference; lastKnownFileType = file.xib; name = en; path = en.lproj/XYCustomPickerViewController.xib; sourceTree = "<group>"; };
		618F451A1736F791004CC353 /* en */ = {isa = PBXFileReference; lastKnownFileType = file.xib; name = en; path = en.lproj/XYDatePickerViewController.xib; sourceTree = "<group>"; };
		618F451C1736F791004CC353 /* en */ = {isa = PBXFileReference; lastKnownFileType = file.xib; name = en; path = en.lproj/XYDependentComponentPickerViewController.xib; sourceTree = "<group>"; };
		618F451E1736F791004CC353 /* en */ = {isa = PBXFileReference; lastKnownFileType = file.xib; name = en; path = en.lproj/XYDoubleComponentPickerViewController.xib; sourceTree = "<group>"; };
		618F45201736F791004CC353 /* en */ = {isa = PBXFileReference; lastKnownFileType = file.xib; name = en; path = en.lproj/XYSingleComponentPickerViewController.xib; sourceTree = "<group>"; };
		618F45291736FAF0004CC353 /* en */ = {isa = PBXFileReference; lastKnownFileType = file.xib; name = en; path = en.lproj/XYTabBarController.xib; sourceTree = "<group>"; };
		618F452F17370337004CC353 /* clockicon.png */ = {isa = PBXFileReference; lastKnownFileType = image.png; path = clockicon.png; sourceTree = "<group>"; };
		618F453017370337004CC353 /* dependenticon.png */ = {isa = PBXFileReference; lastKnownFileType = image.png; path = dependenticon.png; sourceTree = "<group>"; };
		618F453117370337004CC353 /* doubleicon.png */ = {isa = PBXFileReference; lastKnownFileType = image.png; path = doubleicon.png; sourceTree = "<group>"; };
		618F453217370337004CC353 /* singleicon.png */ = {isa = PBXFileReference; lastKnownFileType = image.png; path = singleicon.png; sourceTree = "<group>"; };
		618F453317370337004CC353 /* toolicon.png */ = {isa = PBXFileReference; lastKnownFileType = image.png; path = toolicon.png; sourceTree = "<group>"; };
		618F453A17383ACF004CC353 /* en */ = {isa = PBXFileReference; lastKnownFileType = text.plist.xml; name = en; path = en.lproj/statedictionary.plist; sourceTree = "<group>"; };
/* End PBXFileReference section */

/* Begin PBXFrameworksBuildPhase section */
		618F44DB1736F49F004CC353 /* Frameworks */ = {
			isa = PBXFrameworksBuildPhase;
			buildActionMask = 2147483647;
			files = (
				610AFC6D178986130086CDBF /* AudioToolbox.framework in Frameworks */,
				618F44E21736F49F004CC353 /* UIKit.framework in Frameworks */,
				618F44E41736F49F004CC353 /* Foundation.framework in Frameworks */,
				618F44E61736F49F004CC353 /* CoreGraphics.framework in Frameworks */,
			);
			runOnlyForDeploymentPostprocessing = 0;
		};
/* End PBXFrameworksBuildPhase section */

/* Begin PBXGroup section */
		618F44D51736F49F004CC353 = {
			isa = PBXGroup;
			children = (
				618F44E71736F49F004CC353 /* Pickers */,
				618F44E01736F49F004CC353 /* Frameworks */,
				618F44DF1736F49F004CC353 /* Products */,
			);
			sourceTree = "<group>";
		};
		618F44DF1736F49F004CC353 /* Products */ = {
			isa = PBXGroup;
			children = (
				618F44DE1736F49F004CC353 /* Pickers.app */,
			);
			name = Products;
			sourceTree = "<group>";
		};
		618F44E01736F49F004CC353 /* Frameworks */ = {
			isa = PBXGroup;
			children = (
				610AFC6C178986130086CDBF /* AudioToolbox.framework */,
				618F44E11736F49F004CC353 /* UIKit.framework */,
				618F44E31736F49F004CC353 /* Foundation.framework */,
				618F44E51736F49F004CC353 /* CoreGraphics.framework */,
			);
			name = Frameworks;
			sourceTree = "<group>";
		};
		618F44E71736F49F004CC353 /* Pickers */ = {
			isa = PBXGroup;
			children = (
				618F44F01736F49F004CC353 /* XYAppDelegate.h */,
				618F44F11736F49F004CC353 /* XYAppDelegate.m */,
				618F45281736FAF0004CC353 /* XYTabBarController.xib */,
				618F45171736F791004CC353 /* XYCustomPickerViewController.xib */,
				618F45191736F791004CC353 /* XYDatePickerViewController.xib */,
				618F451B1736F791004CC353 /* XYDependentComponentPickerViewController.xib */,
				618F451D1736F791004CC353 /* XYDoubleComponentPickerViewController.xib */,
				618F451F1736F791004CC353 /* XYSingleComponentPickerViewController.xib */,
				618F44E81736F49F004CC353 /* Supporting Files */,
				618F44FE1736F597004CC353 /* XYDatePickerViewController.h */,
				618F44FF1736F597004CC353 /* XYDatePickerViewController.m */,
				618F45031736F669004CC353 /* XYSingleComponentPickerViewController.h */,
				618F45041736F669004CC353 /* XYSingleComponentPickerViewController.m */,
				618F45081736F6B3004CC353 /* XYDoubleComponentPickerViewController.h */,
				618F45091736F6B3004CC353 /* XYDoubleComponentPickerViewController.m */,
				618F450D1736F6E9004CC353 /* XYDependentComponentPickerViewController.h */,
				618F450E1736F6E9004CC353 /* XYDependentComponentPickerViewController.m */,
				618F45121736F716004CC353 /* XYCustomPickerViewController.h */,
				618F45131736F716004CC353 /* XYCustomPickerViewController.m */,
			);
			path = Pickers;
			sourceTree = "<group>";
		};
		618F44E81736F49F004CC353 /* Supporting Files */ = {
			isa = PBXGroup;
			children = (
				610AFC6817897EC50086CDBF /* crunch.wav */,
				610AFC6917897EC50086CDBF /* win.wav */,
				610AFC5C178741EB0086CDBF /* apple.png */,
				610AFC5D178741EB0086CDBF /* bar.png */,
				610AFC5E178741EB0086CDBF /* cherry.png */,
				610AFC5F178741EB0086CDBF /* crown.png */,
				610AFC60178741EB0086CDBF /* lemon.png */,
				610AFC61178741EB0086CDBF /* seven.png */,
				618F453917383ACF004CC353 /* statedictionary.plist */,
				618F452F17370337004CC353 /* clockicon.png */,
				618F453017370337004CC353 /* dependenticon.png */,
				618F453117370337004CC353 /* doubleicon.png */,
				618F453217370337004CC353 /* singleicon.png */,
				618F453317370337004CC353 /* toolicon.png */,
				618F44E91736F49F004CC353 /* Pickers-Info.plist */,
				618F44EA1736F49F004CC353 /* InfoPlist.strings */,
				618F44ED1736F49F004CC353 /* main.m */,
				618F44EF1736F49F004CC353 /* Pickers-Prefix.pch */,
				618F44F31736F49F004CC353 /* Default.png */,
				618F44F51736F49F004CC353 /* Default@2x.png */,
				618F44F71736F49F004CC353 /* Default-568h@2x.png */,
			);
			name = "Supporting Files";
			sourceTree = "<group>";
		};
/* End PBXGroup section */

/* Begin PBXNativeTarget section */
		618F44DD1736F49F004CC353 /* Pickers */ = {
			isa = PBXNativeTarget;
			buildConfigurationList = 618F44FB1736F49F004CC353 /* Build configuration list for PBXNativeTarget "Pickers" */;
			buildPhases = (
				618F44DA1736F49F004CC353 /* Sources */,
				618F44DB1736F49F004CC353 /* Frameworks */,
				618F44DC1736F49F004CC353 /* Resources */,
			);
			buildRules = (
			);
			dependencies = (
			);
			name = Pickers;
			productName = Pickers;
			productReference = 618F44DE1736F49F004CC353 /* Pickers.app */;
			productType = "com.apple.product-type.application";
		};
/* End PBXNativeTarget section */

/* Begin PBXProject section */
		618F44D61736F49F004CC353 /* Project object */ = {
			isa = PBXProject;
			attributes = {
				CLASSPREFIX = XY;
				LastUpgradeCheck = 0460;
				ORGANIZATIONNAME = "Xia Yong";
			};
			buildConfigurationList = 618F44D91736F49F004CC353 /* Build configuration list for PBXProject "Pickers" */;
			compatibilityVersion = "Xcode 3.2";
			developmentRegion = English;
			hasScannedForEncodings = 0;
			knownRegions = (
				en,
			);
			mainGroup = 618F44D51736F49F004CC353;
			productRefGroup = 618F44DF1736F49F004CC353 /* Products */;
			projectDirPath = "";
			projectRoot = "";
			targets = (
				618F44DD1736F49F004CC353 /* Pickers */,
			);
		};
/* End PBXProject section */

/* Begin PBXResourcesBuildPhase section */
		618F44DC1736F49F004CC353 /* Resources */ = {
			isa = PBXResourcesBuildPhase;
			buildActionMask = 2147483647;
			files = (
				618F44EC1736F49F004CC353 /* InfoPlist.strings in Resources */,
				618F44F41736F49F004CC353 /* Default.png in Resources */,
				618F44F61736F49F004CC353 /* Default@2x.png in Resources */,
				618F44F81736F49F004CC353 /* Default-568h@2x.png in Resources */,
				618F45211736F791004CC353 /* XYCustomPickerViewController.xib in Resources */,
				618F45221736F791004CC353 /* XYDatePickerViewController.xib in Resources */,
				618F45231736F791004CC353 /* XYDependentComponentPickerViewController.xib in Resources */,
				618F45241736F791004CC353 /* XYDoubleComponentPickerViewController.xib in Resources */,
				618F45251736F791004CC353 /* XYSingleComponentPickerViewController.xib in Resources */,
				618F452A1736FAF0004CC353 /* XYTabBarController.xib in Resources */,
				618F453417370337004CC353 /* clockicon.png in Resources */,
				618F453517370337004CC353 /* dependenticon.png in Resources */,
				618F453617370337004CC353 /* doubleicon.png in Resources */,
				618F453717370337004CC353 /* singleicon.png in Resources */,
				618F453817370337004CC353 /* toolicon.png in Resources */,
				618F453B17383ACF004CC353 /* statedictionary.plist in Resources */,
				610AFC62178741EB0086CDBF /* apple.png in Resources */,
				610AFC63178741EB0086CDBF /* bar.png in Resources */,
				610AFC64178741EB0086CDBF /* cherry.png in Resources */,
				610AFC65178741EB0086CDBF /* crown.png in Resources */,
				610AFC66178741EB0086CDBF /* lemon.png in Resources */,
				610AFC67178741EB0086CDBF /* seven.png in Resources */,
				610AFC6A17897EC50086CDBF /* crunch.wav in Resources */,
				610AFC6B17897EC50086CDBF /* win.wav in Resources */,
			);
			runOnlyForDeploymentPostprocessing = 0;
		};
/* End PBXResourcesBuildPhase section */

/* Begin PBXSourcesBuildPhase section */
		618F44DA1736F49F004CC353 /* Sources */ = {
			isa = PBXSourcesBuildPhase;
			buildActionMask = 2147483647;
			files = (
				618F44EE1736F49F004CC353 /* main.m in Sources */,
				618F44F21736F49F004CC353 /* XYAppDelegate.m in Sources */,
				618F45011736F597004CC353 /* XYDatePickerViewController.m in Sources */,
				618F45061736F669004CC353 /* XYSingleComponentPickerViewController.m in Sources */,
				618F450B1736F6B3004CC353 /* XYDoubleComponentPickerViewController.m in Sources */,
				618F45101736F6E9004CC353 /* XYDependentComponentPickerViewController.m in Sources */,
				618F45151736F716004CC353 /* XYCustomPickerViewController.m in Sources */,
			);
			runOnlyForDeploymentPostprocessing = 0;
		};
/* End PBXSourcesBuildPhase section */

/* Begin PBXVariantGroup section */
		618F44EA1736F49F004CC353 /* InfoPlist.strings */ = {
			isa = PBXVariantGroup;
			children = (
				618F44EB1736F49F004CC353 /* en */,
			);
			name = InfoPlist.strings;
			sourceTree = "<group>";
		};
		618F45171736F791004CC353 /* XYCustomPickerViewController.xib */ = {
			isa = PBXVariantGroup;
			children = (
				618F45181736F791004CC353 /* en */,
			);
			name = XYCustomPickerViewController.xib;
			sourceTree = "<group>";
		};
		618F45191736F791004CC353 /* XYDatePickerViewController.xib */ = {
			isa = PBXVariantGroup;
			children = (
				618F451A1736F791004CC353 /* en */,
			);
			name = XYDatePickerViewController.xib;
			sourceTree = "<group>";
		};
		618F451B1736F791004CC353 /* XYDependentComponentPickerViewController.xib */ = {
			isa = PBXVariantGroup;
			children = (
				618F451C1736F791004CC353 /* en */,
			);
			name = XYDependentComponentPickerViewController.xib;
			sourceTree = "<group>";
		};
		618F451D1736F791004CC353 /* XYDoubleComponentPickerViewController.xib */ = {
			isa = PBXVariantGroup;
			children = (
				618F451E1736F791004CC353 /* en */,
			);
			name = XYDoubleComponentPickerViewController.xib;
			sourceTree = "<group>";
		};
		618F451F1736F791004CC353 /* XYSingleComponentPickerViewController.xib */ = {
			isa = PBXVariantGroup;
			children = (
				618F45201736F791004CC353 /* en */,
			);
			name = XYSingleComponentPickerViewController.xib;
			sourceTree = "<group>";
		};
		618F45281736FAF0004CC353 /* XYTabBarController.xib */ = {
			isa = PBXVariantGroup;
			children = (
				618F45291736FAF0004CC353 /* en */,
			);
			name = XYTabBarController.xib;
			sourceTree = "<group>";
		};
		618F453917383ACF004CC353 /* statedictionary.plist */ = {
			isa = PBXVariantGroup;
			children = (
				618F453A17383ACF004CC353 /* en */,
			);
			name = statedictionary.plist;
			sourceTree = "<group>";
		};
/* End PBXVariantGroup section */

/* Begin XCBuildConfiguration section */
		618F44F91736F49F004CC353 /* Debug */ = {
			isa = XCBuildConfiguration;
			buildSettings = {
				ALWAYS_SEARCH_USER_PATHS = NO;
				CLANG_CXX_LANGUAGE_STANDARD = "gnu++0x";
				CLANG_CXX_LIBRARY = "libc++";
				CLANG_ENABLE_OBJC_ARC = YES;
				CLANG_WARN_CONSTANT_CONVERSION = YES;
				CLANG_WARN_EMPTY_BODY = YES;
				CLANG_WARN_ENUM_CONVERSION = YES;
				CLANG_WARN_INT_CONVERSION = YES;
				CLANG_WARN__DUPLICATE_METHOD_MATCH = YES;
				"CODE_SIGN_IDENTITY[sdk=iphoneos*]" = "iPhone Developer";
				COPY_PHASE_STRIP = NO;
				GCC_C_LANGUAGE_STANDARD = gnu99;
				GCC_DYNAMIC_NO_PIC = NO;
				GCC_OPTIMIZATION_LEVEL = 0;
				GCC_PREPROCESSOR_DEFINITIONS = (
					"DEBUG=1",
					"$(inherited)",
				);
				GCC_SYMBOLS_PRIVATE_EXTERN = NO;
				GCC_WARN_ABOUT_RETURN_TYPE = YES;
				GCC_WARN_UNINITIALIZED_AUTOS = YES;
				GCC_WARN_UNUSED_VARIABLE = YES;
				IPHONEOS_DEPLOYMENT_TARGET = 6.1;
				ONLY_ACTIVE_ARCH = YES;
				SDKROOT = iphoneos;
			};
			name = Debug;
		};
		618F44FA1736F49F004CC353 /* Release */ = {
			isa = XCBuildConfiguration;
			buildSettings = {
				ALWAYS_SEARCH_USER_PATHS = NO;
				CLANG_CXX_LANGUAGE_STANDARD = "gnu++0x";
				CLANG_CXX_LIBRARY = "libc++";
				CLANG_ENABLE_OBJC_ARC = YES;
				CLANG_WARN_CONSTANT_CONVERSION = YES;
				CLANG_WARN_EMPTY_BODY = YES;
				CLANG_WARN_ENUM_CONVERSION = YES;
				CLANG_WARN_INT_CONVERSION = YES;
				CLANG_WARN__DUPLICATE_METHOD_MATCH = YES;
				"CODE_SIGN_IDENTITY[sdk=iphoneos*]" = "iPhone Developer";
				COPY_PHASE_STRIP = YES;
				GCC_C_LANGUAGE_STANDARD = gnu99;
				GCC_WARN_ABOUT_RETURN_TYPE = YES;
				GCC_WARN_UNINITIALIZED_AUTOS = YES;
				GCC_WARN_UNUSED_VARIABLE = YES;
				IPHONEOS_DEPLOYMENT_TARGET = 6.1;
				OTHER_CFLAGS = "-DNS_BLOCK_ASSERTIONS=1";
				SDKROOT = iphoneos;
				VALIDATE_PRODUCT = YES;
			};
			name = Release;
		};
		618F44FC1736F49F004CC353 /* Debug */ = {
			isa = XCBuildConfiguration;
			buildSettings = {
				GCC_PRECOMPILE_PREFIX_HEADER = YES;
				GCC_PREFIX_HEADER = "Pickers/Pickers-Prefix.pch";
				INFOPLIST_FILE = "Pickers/Pickers-Info.plist";
				IPHONEOS_DEPLOYMENT_TARGET = 6.1;
				PRODUCT_NAME = "$(TARGET_NAME)";
				WRAPPER_EXTENSION = app;
			};
			name = Debug;
		};
		618F44FD1736F49F004CC353 /* Release */ = {
			isa = XCBuildConfiguration;
			buildSettings = {
				GCC_PRECOMPILE_PREFIX_HEADER = YES;
				GCC_PREFIX_HEADER = "Pickers/Pickers-Prefix.pch";
				INFOPLIST_FILE = "Pickers/Pickers-Info.plist";
				IPHONEOS_DEPLOYMENT_TARGET = 6.1;
				PRODUCT_NAME = "$(TARGET_NAME)";
				WRAPPER_EXTENSION = app;
			};
			name = Release;
		};
/* End XCBuildConfiguration section */

/* Begin XCConfigurationList section */
		618F44D91736F49F004CC353 /* Build configuration list for PBXProject "Pickers" */ = {
			isa = XCConfigurationList;
			buildConfigurations = (
				618F44F91736F49F004CC353 /* Debug */,
				618F44FA1736F49F004CC353 /* Release */,
			);
			defaultConfigurationIsVisible = 0;
			defaultConfigurationName = Release;
		};
		618F44FB1736F49F004CC353 /* Build configuration list for PBXNativeTarget "Pickers" */ = {
			isa = XCConfigurationList;
			buildConfigurations = (
				618F44FC1736F49F004CC353 /* Debug */,
				618F44FD1736F49F004CC353 /* Release */,
			);
			defaultConfigurationIsVisible = 0;
			defaultConfigurationName = Release;
		};
/* End XCConfigurationList section */
	};
	rootObject = 618F44D61736F49F004CC353 /* Project object */;
}
