// !$*UTF8*$!
{
	archiveVersion = 1;
	classes = {
	};
	objectVersion = 46;
	objects = {

/* Begin PBXBuildFile section */
		6164CAFB185B417200CEA3CE /* Foundation.framework in Frameworks */ = {isa = PBXBuildFile; fileRef = 6164CAFA185B417200CEA3CE /* Foundation.framework */; };
		6164CAFD185B417200CEA3CE /* CoreGraphics.framework in Frameworks */ = {isa = PBXBuildFile; fileRef = 6164CAFC185B417200CEA3CE /* CoreGraphics.framework */; };
		6164CAFF185B417200CEA3CE /* UIKit.framework in Frameworks */ = {isa = PBXBuildFile; fileRef = 6164CAFE185B417200CEA3CE /* UIKit.framework */; };
		6164CB05185B417200CEA3CE /* InfoPlist.strings in Resources */ = {isa = PBXBuildFile; fileRef = 6164CB03185B417200CEA3CE /* InfoPlist.strings */; };
		6164CB07185B417200CEA3CE /* main.m in Sources */ = {isa = PBXBuildFile; fileRef = 6164CB06185B417200CEA3CE /* main.m */; };
		6164CB0B185B417200CEA3CE /* XYAppDelegate.m in Sources */ = {isa = PBXBuildFile; fileRef = 6164CB0A185B417200CEA3CE /* XYAppDelegate.m */; };
		6164CB0E185B417200CEA3CE /* Main.storyboard in Resources */ = {isa = PBXBuildFile; fileRef = 6164CB0C185B417200CEA3CE /* Main.storyboard */; };
		6164CB11185B417200CEA3CE /* XYViewController.m in Sources */ = {isa = PBXBuildFile; fileRef = 6164CB10185B417200CEA3CE /* XYViewController.m */; };
		6164CB13185B417200CEA3CE /* Images.xcassets in Resources */ = {isa = PBXBuildFile; fileRef = 6164CB12185B417200CEA3CE /* Images.xcassets */; };
		6164CB1A185B417200CEA3CE /* XCTest.framework in Frameworks */ = {isa = PBXBuildFile; fileRef = 6164CB19185B417200CEA3CE /* XCTest.framework */; };
		6164CB1B185B417200CEA3CE /* Foundation.framework in Frameworks */ = {isa = PBXBuildFile; fileRef = 6164CAFA185B417200CEA3CE /* Foundation.framework */; };
		6164CB1C185B417200CEA3CE /* UIKit.framework in Frameworks */ = {isa = PBXBuildFile; fileRef = 6164CAFE185B417200CEA3CE /* UIKit.framework */; };
		6164CB24185B417200CEA3CE /* InfoPlist.strings in Resources */ = {isa = PBXBuildFile; fileRef = 6164CB22185B417200CEA3CE /* InfoPlist.strings */; };
		6164CB26185B417200CEA3CE /* MotionMonitor1Tests.m in Sources */ = {isa = PBXBuildFile; fileRef = 6164CB25185B417200CEA3CE /* MotionMonitor1Tests.m */; };
		6164CB30185B41F200CEA3CE /* CoreMotion.framework in Frameworks */ = {isa = PBXBuildFile; fileRef = 6164CB2F185B41F200CEA3CE /* CoreMotion.framework */; };
/* End PBXBuildFile section */

/* Begin PBXContainerItemProxy section */
		6164CB1D185B417200CEA3CE /* PBXContainerItemProxy */ = {
			isa = PBXContainerItemProxy;
			containerPortal = 6164CAEF185B417200CEA3CE /* Project object */;
			proxyType = 1;
			remoteGlobalIDString = 6164CAF6185B417200CEA3CE;
			remoteInfo = MotionMonitor1;
		};
/* End PBXContainerItemProxy section */

/* Begin PBXFileReference section */
		6164CAF7185B417200CEA3CE /* MotionMonitor1.app */ = {isa = PBXFileReference; explicitFileType = wrapper.application; includeInIndex = 0; path = MotionMonitor1.app; sourceTree = BUILT_PRODUCTS_DIR; };
		6164CAFA185B417200CEA3CE /* Foundation.framework */ = {isa = PBXFileReference; lastKnownFileType = wrapper.framework; name = Foundation.framework; path = System/Library/Frameworks/Foundation.framework; sourceTree = SDKROOT; };
		6164CAFC185B417200CEA3CE /* CoreGraphics.framework */ = {isa = PBXFileReference; lastKnownFileType = wrapper.framework; name = CoreGraphics.framework; path = System/Library/Frameworks/CoreGraphics.framework; sourceTree = SDKROOT; };
		6164CAFE185B417200CEA3CE /* UIKit.framework */ = {isa = PBXFileReference; lastKnownFileType = wrapper.framework; name = UIKit.framework; path = System/Library/Frameworks/UIKit.framework; sourceTree = SDKROOT; };
		6164CB02185B417200CEA3CE /* MotionMonitor1-Info.plist */ = {isa = PBXFileReference; lastKnownFileType = text.plist.xml; path = "MotionMonitor1-Info.plist"; sourceTree = "<group>"; };
		6164CB04185B417200CEA3CE /* en */ = {isa = PBXFileReference; lastKnownFileType = text.plist.strings; name = en; path = en.lproj/InfoPlist.strings; sourceTree = "<group>"; };
		6164CB06185B417200CEA3CE /* main.m */ = {isa = PBXFileReference; lastKnownFileType = sourcecode.c.objc; path = main.m; sourceTree = "<group>"; };
		6164CB08185B417200CEA3CE /* MotionMonitor1-Prefix.pch */ = {isa = PBXFileReference; lastKnownFileType = sourcecode.c.h; path = "MotionMonitor1-Prefix.pch"; sourceTree = "<group>"; };
		6164CB09185B417200CEA3CE /* XYAppDelegate.h */ = {isa = PBXFileReference; lastKnownFileType = sourcecode.c.h; path = XYAppDelegate.h; sourceTree = "<group>"; };
		6164CB0A185B417200CEA3CE /* XYAppDelegate.m */ = {isa = PBXFileReference; lastKnownFileType = sourcecode.c.objc; path = XYAppDelegate.m; sourceTree = "<group>"; };
		6164CB0D185B417200CEA3CE /* Base */ = {isa = PBXFileReference; lastKnownFileType = file.storyboard; name = Base; path = Base.lproj/Main.storyboard; sourceTree = "<group>"; };
		6164CB0F185B417200CEA3CE /* XYViewController.h */ = {isa = PBXFileReference; lastKnownFileType = sourcecode.c.h; path = XYViewController.h; sourceTree = "<group>"; };
		6164CB10185B417200CEA3CE /* XYViewController.m */ = {isa = PBXFileReference; lastKnownFileType = sourcecode.c.objc; path = XYViewController.m; sourceTree = "<group>"; };
		6164CB12185B417200CEA3CE /* Images.xcassets */ = {isa = PBXFileReference; lastKnownFileType = folder.assetcatalog; path = Images.xcassets; sourceTree = "<group>"; };
		6164CB18185B417200CEA3CE /* MotionMonitor1Tests.xctest */ = {isa = PBXFileReference; explicitFileType = wrapper.cfbundle; includeInIndex = 0; path = MotionMonitor1Tests.xctest; sourceTree = BUILT_PRODUCTS_DIR; };
		6164CB19185B417200CEA3CE /* XCTest.framework */ = {isa = PBXFileReference; lastKnownFileType = wrapper.framework; name = XCTest.framework; path = Library/Frameworks/XCTest.framework; sourceTree = DEVELOPER_DIR; };
		6164CB21185B417200CEA3CE /* MotionMonitor1Tests-Info.plist */ = {isa = PBXFileReference; lastKnownFileType = text.plist.xml; path = "MotionMonitor1Tests-Info.plist"; sourceTree = "<group>"; };
		6164CB23185B417200CEA3CE /* en */ = {isa = PBXFileReference; lastKnownFileType = text.plist.strings; name = en; path = en.lproj/InfoPlist.strings; sourceTree = "<group>"; };
		6164CB25185B417200CEA3CE /* MotionMonitor1Tests.m */ = {isa = PBXFileReference; lastKnownFileType = sourcecode.c.objc; path = MotionMonitor1Tests.m; sourceTree = "<group>"; };
		6164CB2F185B41F200CEA3CE /* CoreMotion.framework */ = {isa = PBXFileReference; lastKnownFileType = wrapper.framework; name = CoreMotion.framework; path = System/Library/Frameworks/CoreMotion.framework; sourceTree = SDKROOT; };
/* End PBXFileReference section */

/* Begin PBXFrameworksBuildPhase section */
		6164CAF4185B417200CEA3CE /* Frameworks */ = {
			isa = PBXFrameworksBuildPhase;
			buildActionMask = 2147483647;
			files = (
				6164CB30185B41F200CEA3CE /* CoreMotion.framework in Frameworks */,
				6164CAFD185B417200CEA3CE /* CoreGraphics.framework in Frameworks */,
				6164CAFF185B417200CEA3CE /* UIKit.framework in Frameworks */,
				6164CAFB185B417200CEA3CE /* Foundation.framework in Frameworks */,
			);
			runOnlyForDeploymentPostprocessing = 0;
		};
		6164CB15185B417200CEA3CE /* Frameworks */ = {
			isa = PBXFrameworksBuildPhase;
			buildActionMask = 2147483647;
			files = (
				6164CB1A185B417200CEA3CE /* XCTest.framework in Frameworks */,
				6164CB1C185B417200CEA3CE /* UIKit.framework in Frameworks */,
				6164CB1B185B417200CEA3CE /* Foundation.framework in Frameworks */,
			);
			runOnlyForDeploymentPostprocessing = 0;
		};
/* End PBXFrameworksBuildPhase section */

/* Begin PBXGroup section */
		6164CAEE185B417200CEA3CE = {
			isa = PBXGroup;
			children = (
				6164CB00185B417200CEA3CE /* MotionMonitor1 */,
				6164CB1F185B417200CEA3CE /* MotionMonitor1Tests */,
				6164CAF9185B417200CEA3CE /* Frameworks */,
				6164CAF8185B417200CEA3CE /* Products */,
			);
			sourceTree = "<group>";
		};
		6164CAF8185B417200CEA3CE /* Products */ = {
			isa = PBXGroup;
			children = (
				6164CAF7185B417200CEA3CE /* MotionMonitor1.app */,
				6164CB18185B417200CEA3CE /* MotionMonitor1Tests.xctest */,
			);
			name = Products;
			sourceTree = "<group>";
		};
		6164CAF9185B417200CEA3CE /* Frameworks */ = {
			isa = PBXGroup;
			children = (
				6164CB2F185B41F200CEA3CE /* CoreMotion.framework */,
				6164CAFA185B417200CEA3CE /* Foundation.framework */,
				6164CAFC185B417200CEA3CE /* CoreGraphics.framework */,
				6164CAFE185B417200CEA3CE /* UIKit.framework */,
				6164CB19185B417200CEA3CE /* XCTest.framework */,
			);
			name = Frameworks;
			sourceTree = "<group>";
		};
		6164CB00185B417200CEA3CE /* MotionMonitor1 */ = {
			isa = PBXGroup;
			children = (
				6164CB09185B417200CEA3CE /* XYAppDelegate.h */,
				6164CB0A185B417200CEA3CE /* XYAppDelegate.m */,
				6164CB0C185B417200CEA3CE /* Main.storyboard */,
				6164CB0F185B417200CEA3CE /* XYViewController.h */,
				6164CB10185B417200CEA3CE /* XYViewController.m */,
				6164CB12185B417200CEA3CE /* Images.xcassets */,
				6164CB01185B417200CEA3CE /* Supporting Files */,
			);
			path = MotionMonitor1;
			sourceTree = "<group>";
		};
		6164CB01185B417200CEA3CE /* Supporting Files */ = {
			isa = PBXGroup;
			children = (
				6164CB02185B417200CEA3CE /* MotionMonitor1-Info.plist */,
				6164CB03185B417200CEA3CE /* InfoPlist.strings */,
				6164CB06185B417200CEA3CE /* main.m */,
				6164CB08185B417200CEA3CE /* MotionMonitor1-Prefix.pch */,
			);
			name = "Supporting Files";
			sourceTree = "<group>";
		};
		6164CB1F185B417200CEA3CE /* MotionMonitor1Tests */ = {
			isa = PBXGroup;
			children = (
				6164CB25185B417200CEA3CE /* MotionMonitor1Tests.m */,
				6164CB20185B417200CEA3CE /* Supporting Files */,
			);
			path = MotionMonitor1Tests;
			sourceTree = "<group>";
		};
		6164CB20185B417200CEA3CE /* Supporting Files */ = {
			isa = PBXGroup;
			children = (
				6164CB21185B417200CEA3CE /* MotionMonitor1Tests-Info.plist */,
				6164CB22185B417200CEA3CE /* InfoPlist.strings */,
			);
			name = "Supporting Files";
			sourceTree = "<group>";
		};
/* End PBXGroup section */

/* Begin PBXNativeTarget section */
		6164CAF6185B417200CEA3CE /* MotionMonitor1 */ = {
			isa = PBXNativeTarget;
			buildConfigurationList = 6164CB29185B417200CEA3CE /* Build configuration list for PBXNativeTarget "MotionMonitor1" */;
			buildPhases = (
				6164CAF3185B417200CEA3CE /* Sources */,
				6164CAF4185B417200CEA3CE /* Frameworks */,
				6164CAF5185B417200CEA3CE /* Resources */,
			);
			buildRules = (
			);
			dependencies = (
			);
			name = MotionMonitor1;
			productName = MotionMonitor1;
			productReference = 6164CAF7185B417200CEA3CE /* MotionMonitor1.app */;
			productType = "com.apple.product-type.application";
		};
		6164CB17185B417200CEA3CE /* MotionMonitor1Tests */ = {
			isa = PBXNativeTarget;
			buildConfigurationList = 6164CB2C185B417200CEA3CE /* Build configuration list for PBXNativeTarget "MotionMonitor1Tests" */;
			buildPhases = (
				6164CB14185B417200CEA3CE /* Sources */,
				6164CB15185B417200CEA3CE /* Frameworks */,
				6164CB16185B417200CEA3CE /* Resources */,
			);
			buildRules = (
			);
			dependencies = (
				6164CB1E185B417200CEA3CE /* PBXTargetDependency */,
			);
			name = MotionMonitor1Tests;
			productName = MotionMonitor1Tests;
			productReference = 6164CB18185B417200CEA3CE /* MotionMonitor1Tests.xctest */;
			productType = "com.apple.product-type.bundle.unit-test";
		};
/* End PBXNativeTarget section */

/* Begin PBXProject section */
		6164CAEF185B417200CEA3CE /* Project object */ = {
			isa = PBXProject;
			attributes = {
				CLASSPREFIX = XY;
				LastUpgradeCheck = 0500;
				ORGANIZATIONNAME = "Xia Yong";
				TargetAttributes = {
					6164CB17185B417200CEA3CE = {
						TestTargetID = 6164CAF6185B417200CEA3CE;
					};
				};
			};
			buildConfigurationList = 6164CAF2185B417200CEA3CE /* Build configuration list for PBXProject "MotionMonitor1" */;
			compatibilityVersion = "Xcode 3.2";
			developmentRegion = English;
			hasScannedForEncodings = 0;
			knownRegions = (
				en,
				Base,
			);
			mainGroup = 6164CAEE185B417200CEA3CE;
			productRefGroup = 6164CAF8185B417200CEA3CE /* Products */;
			projectDirPath = "";
			projectRoot = "";
			targets = (
				6164CAF6185B417200CEA3CE /* MotionMonitor1 */,
				6164CB17185B417200CEA3CE /* MotionMonitor1Tests */,
			);
		};
/* End PBXProject section */

/* Begin PBXResourcesBuildPhase section */
		6164CAF5185B417200CEA3CE /* Resources */ = {
			isa = PBXResourcesBuildPhase;
			buildActionMask = 2147483647;
			files = (
				6164CB13185B417200CEA3CE /* Images.xcassets in Resources */,
				6164CB05185B417200CEA3CE /* InfoPlist.strings in Resources */,
				6164CB0E185B417200CEA3CE /* Main.storyboard in Resources */,
			);
			runOnlyForDeploymentPostprocessing = 0;
		};
		6164CB16185B417200CEA3CE /* Resources */ = {
			isa = PBXResourcesBuildPhase;
			buildActionMask = 2147483647;
			files = (
				6164CB24185B417200CEA3CE /* InfoPlist.strings in Resources */,
			);
			runOnlyForDeploymentPostprocessing = 0;
		};
/* End PBXResourcesBuildPhase section */

/* Begin PBXSourcesBuildPhase section */
		6164CAF3185B417200CEA3CE /* Sources */ = {
			isa = PBXSourcesBuildPhase;
			buildActionMask = 2147483647;
			files = (
				6164CB07185B417200CEA3CE /* main.m in Sources */,
				6164CB11185B417200CEA3CE /* XYViewController.m in Sources */,
				6164CB0B185B417200CEA3CE /* XYAppDelegate.m in Sources */,
			);
			runOnlyForDeploymentPostprocessing = 0;
		};
		6164CB14185B417200CEA3CE /* Sources */ = {
			isa = PBXSourcesBuildPhase;
			buildActionMask = 2147483647;
			files = (
				6164CB26185B417200CEA3CE /* MotionMonitor1Tests.m in Sources */,
			);
			runOnlyForDeploymentPostprocessing = 0;
		};
/* End PBXSourcesBuildPhase section */

/* Begin PBXTargetDependency section */
		6164CB1E185B417200CEA3CE /* PBXTargetDependency */ = {
			isa = PBXTargetDependency;
			target = 6164CAF6185B417200CEA3CE /* MotionMonitor1 */;
			targetProxy = 6164CB1D185B417200CEA3CE /* PBXContainerItemProxy */;
		};
/* End PBXTargetDependency section */

/* Begin PBXVariantGroup section */
		6164CB03185B417200CEA3CE /* InfoPlist.strings */ = {
			isa = PBXVariantGroup;
			children = (
				6164CB04185B417200CEA3CE /* en */,
			);
			name = InfoPlist.strings;
			sourceTree = "<group>";
		};
		6164CB0C185B417200CEA3CE /* Main.storyboard */ = {
			isa = PBXVariantGroup;
			children = (
				6164CB0D185B417200CEA3CE /* Base */,
			);
			name = Main.storyboard;
			sourceTree = "<group>";
		};
		6164CB22185B417200CEA3CE /* InfoPlist.strings */ = {
			isa = PBXVariantGroup;
			children = (
				6164CB23185B417200CEA3CE /* en */,
			);
			name = InfoPlist.strings;
			sourceTree = "<group>";
		};
/* End PBXVariantGroup section */

/* Begin XCBuildConfiguration section */
		6164CB27185B417200CEA3CE /* Debug */ = {
			isa = XCBuildConfiguration;
			buildSettings = {
				ALWAYS_SEARCH_USER_PATHS = NO;
				ARCHS = "$(ARCHS_STANDARD_INCLUDING_64_BIT)";
				CLANG_CXX_LANGUAGE_STANDARD = "gnu++0x";
				CLANG_CXX_LIBRARY = "libc++";
				CLANG_ENABLE_MODULES = YES;
				CLANG_ENABLE_OBJC_ARC = YES;
				CLANG_WARN_BOOL_CONVERSION = YES;
				CLANG_WARN_CONSTANT_CONVERSION = YES;
				CLANG_WARN_DIRECT_OBJC_ISA_USAGE = YES_ERROR;
				CLANG_WARN_EMPTY_BODY = YES;
				CLANG_WARN_ENUM_CONVERSION = YES;
				CLANG_WARN_INT_CONVERSION = YES;
				CLANG_WARN_OBJC_ROOT_CLASS = YES_ERROR;
				CLANG_WARN__DUPLICATE_METHOD_MATCH = YES;
				"CODE_SIGN_IDENTITY[sdk=iphoneos*]" = "iPhone Developer";
				COPY_PHASE_STRIP = NO;
				GCC_C_LANGUAGE_STANDARD = gnu99;
				GCC_DYNAMIC_NO_PIC = NO;
				GCC_OPTIMIZATION_LEVEL = 0;
				GCC_PREPROCESSOR_DEFINITIONS = (
					"DEBUG=1",
					"$(inherited)",
				);
				GCC_SYMBOLS_PRIVATE_EXTERN = NO;
				GCC_WARN_64_TO_32_BIT_CONVERSION = YES;
				GCC_WARN_ABOUT_RETURN_TYPE = YES_ERROR;
				GCC_WARN_UNDECLARED_SELECTOR = YES;
				GCC_WARN_UNINITIALIZED_AUTOS = YES;
				GCC_WARN_UNUSED_FUNCTION = YES;
				GCC_WARN_UNUSED_VARIABLE = YES;
				IPHONEOS_DEPLOYMENT_TARGET = 7.0;
				ONLY_ACTIVE_ARCH = YES;
				SDKROOT = iphoneos;
			};
			name = Debug;
		};
		6164CB28185B417200CEA3CE /* Release */ = {
			isa = XCBuildConfiguration;
			buildSettings = {
				ALWAYS_SEARCH_USER_PATHS = NO;
				ARCHS = "$(ARCHS_STANDARD_INCLUDING_64_BIT)";
				CLANG_CXX_LANGUAGE_STANDARD = "gnu++0x";
				CLANG_CXX_LIBRARY = "libc++";
				CLANG_ENABLE_MODULES = YES;
				CLANG_ENABLE_OBJC_ARC = YES;
				CLANG_WARN_BOOL_CONVERSION = YES;
				CLANG_WARN_CONSTANT_CONVERSION = YES;
				CLANG_WARN_DIRECT_OBJC_ISA_USAGE = YES_ERROR;
				CLANG_WARN_EMPTY_BODY = YES;
				CLANG_WARN_ENUM_CONVERSION = YES;
				CLANG_WARN_INT_CONVERSION = YES;
				CLANG_WARN_OBJC_ROOT_CLASS = YES_ERROR;
				CLANG_WARN__DUPLICATE_METHOD_MATCH = YES;
				"CODE_SIGN_IDENTITY[sdk=iphoneos*]" = "iPhone Developer";
				COPY_PHASE_STRIP = YES;
				ENABLE_NS_ASSERTIONS = NO;
				GCC_C_LANGUAGE_STANDARD = gnu99;
				GCC_WARN_64_TO_32_BIT_CONVERSION = YES;
				GCC_WARN_ABOUT_RETURN_TYPE = YES_ERROR;
				GCC_WARN_UNDECLARED_SELECTOR = YES;
				GCC_WARN_UNINITIALIZED_AUTOS = YES;
				GCC_WARN_UNUSED_FUNCTION = YES;
				GCC_WARN_UNUSED_VARIABLE = YES;
				IPHONEOS_DEPLOYMENT_TARGET = 7.0;
				SDKROOT = iphoneos;
				VALIDATE_PRODUCT = YES;
			};
			name = Release;
		};
		6164CB2A185B417200CEA3CE /* Debug */ = {
			isa = XCBuildConfiguration;
			buildSettings = {
				ASSETCATALOG_COMPILER_APPICON_NAME = AppIcon;
				ASSETCATALOG_COMPILER_LAUNCHIMAGE_NAME = LaunchImage;
				GCC_PRECOMPILE_PREFIX_HEADER = YES;
				GCC_PREFIX_HEADER = "MotionMonitor1/MotionMonitor1-Prefix.pch";
				INFOPLIST_FILE = "MotionMonitor1/MotionMonitor1-Info.plist";
				PRODUCT_NAME = "$(TARGET_NAME)";
				WRAPPER_EXTENSION = app;
			};
			name = Debug;
		};
		6164CB2B185B417200CEA3CE /* Release */ = {
			isa = XCBuildConfiguration;
			buildSettings = {
				ASSETCATALOG_COMPILER_APPICON_NAME = AppIcon;
				ASSETCATALOG_COMPILER_LAUNCHIMAGE_NAME = LaunchImage;
				GCC_PRECOMPILE_PREFIX_HEADER = YES;
				GCC_PREFIX_HEADER = "MotionMonitor1/MotionMonitor1-Prefix.pch";
				INFOPLIST_FILE = "MotionMonitor1/MotionMonitor1-Info.plist";
				PRODUCT_NAME = "$(TARGET_NAME)";
				WRAPPER_EXTENSION = app;
			};
			name = Release;
		};
		6164CB2D185B417200CEA3CE /* Debug */ = {
			isa = XCBuildConfiguration;
			buildSettings = {
				ARCHS = "$(ARCHS_STANDARD_INCLUDING_64_BIT)";
				BUNDLE_LOADER = "$(BUILT_PRODUCTS_DIR)/MotionMonitor1.app/MotionMonitor1";
				FRAMEWORK_SEARCH_PATHS = (
					"$(SDKROOT)/Developer/Library/Frameworks",
					"$(inherited)",
					"$(DEVELOPER_FRAMEWORKS_DIR)",
				);
				GCC_PRECOMPILE_PREFIX_HEADER = YES;
				GCC_PREFIX_HEADER = "MotionMonitor1/MotionMonitor1-Prefix.pch";
				GCC_PREPROCESSOR_DEFINITIONS = (
					"DEBUG=1",
					"$(inherited)",
				);
				INFOPLIST_FILE = "MotionMonitor1Tests/MotionMonitor1Tests-Info.plist";
				PRODUCT_NAME = "$(TARGET_NAME)";
				TEST_HOST = "$(BUNDLE_LOADER)";
				WRAPPER_EXTENSION = xctest;
			};
			name = Debug;
		};
		6164CB2E185B417200CEA3CE /* Release */ = {
			isa = XCBuildConfiguration;
			buildSettings = {
				ARCHS = "$(ARCHS_STANDARD_INCLUDING_64_BIT)";
				BUNDLE_LOADER = "$(BUILT_PRODUCTS_DIR)/MotionMonitor1.app/MotionMonitor1";
				FRAMEWORK_SEARCH_PATHS = (
					"$(SDKROOT)/Developer/Library/Frameworks",
					"$(inherited)",
					"$(DEVELOPER_FRAMEWORKS_DIR)",
				);
				GCC_PRECOMPILE_PREFIX_HEADER = YES;
				GCC_PREFIX_HEADER = "MotionMonitor1/MotionMonitor1-Prefix.pch";
				INFOPLIST_FILE = "MotionMonitor1Tests/MotionMonitor1Tests-Info.plist";
				PRODUCT_NAME = "$(TARGET_NAME)";
				TEST_HOST = "$(BUNDLE_LOADER)";
				WRAPPER_EXTENSION = xctest;
			};
			name = Release;
		};
/* End XCBuildConfiguration section */

/* Begin XCConfigurationList section */
		6164CAF2185B417200CEA3CE /* Build configuration list for PBXProject "MotionMonitor1" */ = {
			isa = XCConfigurationList;
			buildConfigurations = (
				6164CB27185B417200CEA3CE /* Debug */,
				6164CB28185B417200CEA3CE /* Release */,
			);
			defaultConfigurationIsVisible = 0;
			defaultConfigurationName = Release;
		};
		6164CB29185B417200CEA3CE /* Build configuration list for PBXNativeTarget "MotionMonitor1" */ = {
			isa = XCConfigurationList;
			buildConfigurations = (
				6164CB2A185B417200CEA3CE /* Debug */,
				6164CB2B185B417200CEA3CE /* Release */,
			);
			defaultConfigurationIsVisible = 0;
		};
		6164CB2C185B417200CEA3CE /* Build configuration list for PBXNativeTarget "MotionMonitor1Tests" */ = {
			isa = XCConfigurationList;
			buildConfigurations = (
				6164CB2D185B417200CEA3CE /* Debug */,
				6164CB2E185B417200CEA3CE /* Release */,
			);
			defaultConfigurationIsVisible = 0;
		};
/* End XCConfigurationList section */
	};
	rootObject = 6164CAEF185B417200CEA3CE /* Project object */;
}
