// !$*UTF8*$!
{
	archiveVersion = 1;
	classes = {
	};
	objectVersion = 46;
	objects = {

/* Begin PBXBuildFile section */
		610AFC7B1789B0DF0086CDBF /* UIKit.framework in Frameworks */ = {isa = PBXBuildFile; fileRef = 610AFC7A1789B0DF0086CDBF /* UIKit.framework */; };
		610AFC7D1789B0DF0086CDBF /* Foundation.framework in Frameworks */ = {isa = PBXBuildFile; fileRef = 610AFC7C1789B0DF0086CDBF /* Foundation.framework */; };
		610AFC7F1789B0DF0086CDBF /* CoreGraphics.framework in Frameworks */ = {isa = PBXBuildFile; fileRef = 610AFC7E1789B0DF0086CDBF /* CoreGraphics.framework */; };
		610AFC851789B0DF0086CDBF /* InfoPlist.strings in Resources */ = {isa = PBXBuildFile; fileRef = 610AFC831789B0DF0086CDBF /* InfoPlist.strings */; };
		610AFC871789B0DF0086CDBF /* main.m in Sources */ = {isa = PBXBuildFile; fileRef = 610AFC861789B0DF0086CDBF /* main.m */; };
		610AFC8B1789B0DF0086CDBF /* XYAppDelegate.m in Sources */ = {isa = PBXBuildFile; fileRef = 610AFC8A1789B0DF0086CDBF /* XYAppDelegate.m */; };
		610AFC8D1789B0DF0086CDBF /* Default.png in Resources */ = {isa = PBXBuildFile; fileRef = 610AFC8C1789B0DF0086CDBF /* Default.png */; };
		610AFC8F1789B0DF0086CDBF /* Default@2x.png in Resources */ = {isa = PBXBuildFile; fileRef = 610AFC8E1789B0DF0086CDBF /* Default@2x.png */; };
		610AFC911789B0DF0086CDBF /* Default-568h@2x.png in Resources */ = {isa = PBXBuildFile; fileRef = 610AFC901789B0DF0086CDBF /* Default-568h@2x.png */; };
		610AFC941789B0DF0086CDBF /* XYViewController.m in Sources */ = {isa = PBXBuildFile; fileRef = 610AFC931789B0DF0086CDBF /* XYViewController.m */; };
		610AFC971789B0DF0086CDBF /* XYViewController.xib in Resources */ = {isa = PBXBuildFile; fileRef = 610AFC951789B0DF0086CDBF /* XYViewController.xib */; };
		614655C3178C30F90084213E /* star.png in Resources */ = {isa = PBXBuildFile; fileRef = 614655C1178C30F90084213E /* star.png */; };
		614655C4178C30F90084213E /* star2.png in Resources */ = {isa = PBXBuildFile; fileRef = 614655C2178C30F90084213E /* star2.png */; };
/* End PBXBuildFile section */

/* Begin PBXFileReference section */
		610AFC771789B0DF0086CDBF /* Simple Table.app */ = {isa = PBXFileReference; explicitFileType = wrapper.application; includeInIndex = 0; path = "Simple Table.app"; sourceTree = BUILT_PRODUCTS_DIR; };
		610AFC7A1789B0DF0086CDBF /* UIKit.framework */ = {isa = PBXFileReference; lastKnownFileType = wrapper.framework; name = UIKit.framework; path = System/Library/Frameworks/UIKit.framework; sourceTree = SDKROOT; };
		610AFC7C1789B0DF0086CDBF /* Foundation.framework */ = {isa = PBXFileReference; lastKnownFileType = wrapper.framework; name = Foundation.framework; path = System/Library/Frameworks/Foundation.framework; sourceTree = SDKROOT; };
		610AFC7E1789B0DF0086CDBF /* CoreGraphics.framework */ = {isa = PBXFileReference; lastKnownFileType = wrapper.framework; name = CoreGraphics.framework; path = System/Library/Frameworks/CoreGraphics.framework; sourceTree = SDKROOT; };
		610AFC821789B0DF0086CDBF /* Simple Table-Info.plist */ = {isa = PBXFileReference; lastKnownFileType = text.plist.xml; path = "Simple Table-Info.plist"; sourceTree = "<group>"; };
		610AFC841789B0DF0086CDBF /* en */ = {isa = PBXFileReference; lastKnownFileType = text.plist.strings; name = en; path = en.lproj/InfoPlist.strings; sourceTree = "<group>"; };
		610AFC861789B0DF0086CDBF /* main.m */ = {isa = PBXFileReference; lastKnownFileType = sourcecode.c.objc; path = main.m; sourceTree = "<group>"; };
		610AFC881789B0DF0086CDBF /* Simple Table-Prefix.pch */ = {isa = PBXFileReference; lastKnownFileType = sourcecode.c.h; path = "Simple Table-Prefix.pch"; sourceTree = "<group>"; };
		610AFC891789B0DF0086CDBF /* XYAppDelegate.h */ = {isa = PBXFileReference; lastKnownFileType = sourcecode.c.h; path = XYAppDelegate.h; sourceTree = "<group>"; };
		610AFC8A1789B0DF0086CDBF /* XYAppDelegate.m */ = {isa = PBXFileReference; lastKnownFileType = sourcecode.c.objc; path = XYAppDelegate.m; sourceTree = "<group>"; };
		610AFC8C1789B0DF0086CDBF /* Default.png */ = {isa = PBXFileReference; lastKnownFileType = image.png; path = Default.png; sourceTree = "<group>"; };
		610AFC8E1789B0DF0086CDBF /* Default@2x.png */ = {isa = PBXFileReference; lastKnownFileType = image.png; path = "Default@2x.png"; sourceTree = "<group>"; };
		610AFC901789B0DF0086CDBF /* Default-568h@2x.png */ = {isa = PBXFileReference; lastKnownFileType = image.png; path = "Default-568h@2x.png"; sourceTree = "<group>"; };
		610AFC921789B0DF0086CDBF /* XYViewController.h */ = {isa = PBXFileReference; lastKnownFileType = sourcecode.c.h; path = XYViewController.h; sourceTree = "<group>"; };
		610AFC931789B0DF0086CDBF /* XYViewController.m */ = {isa = PBXFileReference; lastKnownFileType = sourcecode.c.objc; path = XYViewController.m; sourceTree = "<group>"; };
		610AFC961789B0DF0086CDBF /* en */ = {isa = PBXFileReference; lastKnownFileType = file.xib; name = en; path = en.lproj/XYViewController.xib; sourceTree = "<group>"; };
		614655C1178C30F90084213E /* star.png */ = {isa = PBXFileReference; lastKnownFileType = image.png; path = star.png; sourceTree = "<group>"; };
		614655C2178C30F90084213E /* star2.png */ = {isa = PBXFileReference; lastKnownFileType = image.png; path = star2.png; sourceTree = "<group>"; };
/* End PBXFileReference section */

/* Begin PBXFrameworksBuildPhase section */
		610AFC741789B0DF0086CDBF /* Frameworks */ = {
			isa = PBXFrameworksBuildPhase;
			buildActionMask = 2147483647;
			files = (
				610AFC7B1789B0DF0086CDBF /* UIKit.framework in Frameworks */,
				610AFC7D1789B0DF0086CDBF /* Foundation.framework in Frameworks */,
				610AFC7F1789B0DF0086CDBF /* CoreGraphics.framework in Frameworks */,
			);
			runOnlyForDeploymentPostprocessing = 0;
		};
/* End PBXFrameworksBuildPhase section */

/* Begin PBXGroup section */
		610AFC6E1789B0DF0086CDBF = {
			isa = PBXGroup;
			children = (
				610AFC801789B0DF0086CDBF /* Simple Table */,
				610AFC791789B0DF0086CDBF /* Frameworks */,
				610AFC781789B0DF0086CDBF /* Products */,
			);
			sourceTree = "<group>";
		};
		610AFC781789B0DF0086CDBF /* Products */ = {
			isa = PBXGroup;
			children = (
				610AFC771789B0DF0086CDBF /* Simple Table.app */,
			);
			name = Products;
			sourceTree = "<group>";
		};
		610AFC791789B0DF0086CDBF /* Frameworks */ = {
			isa = PBXGroup;
			children = (
				610AFC7A1789B0DF0086CDBF /* UIKit.framework */,
				610AFC7C1789B0DF0086CDBF /* Foundation.framework */,
				610AFC7E1789B0DF0086CDBF /* CoreGraphics.framework */,
			);
			name = Frameworks;
			sourceTree = "<group>";
		};
		610AFC801789B0DF0086CDBF /* Simple Table */ = {
			isa = PBXGroup;
			children = (
				610AFC891789B0DF0086CDBF /* XYAppDelegate.h */,
				610AFC8A1789B0DF0086CDBF /* XYAppDelegate.m */,
				610AFC921789B0DF0086CDBF /* XYViewController.h */,
				610AFC931789B0DF0086CDBF /* XYViewController.m */,
				610AFC951789B0DF0086CDBF /* XYViewController.xib */,
				610AFC811789B0DF0086CDBF /* Supporting Files */,
			);
			path = "Simple Table";
			sourceTree = "<group>";
		};
		610AFC811789B0DF0086CDBF /* Supporting Files */ = {
			isa = PBXGroup;
			children = (
				614655C1178C30F90084213E /* star.png */,
				614655C2178C30F90084213E /* star2.png */,
				610AFC821789B0DF0086CDBF /* Simple Table-Info.plist */,
				610AFC831789B0DF0086CDBF /* InfoPlist.strings */,
				610AFC861789B0DF0086CDBF /* main.m */,
				610AFC881789B0DF0086CDBF /* Simple Table-Prefix.pch */,
				610AFC8C1789B0DF0086CDBF /* Default.png */,
				610AFC8E1789B0DF0086CDBF /* Default@2x.png */,
				610AFC901789B0DF0086CDBF /* Default-568h@2x.png */,
			);
			name = "Supporting Files";
			sourceTree = "<group>";
		};
/* End PBXGroup section */

/* Begin PBXNativeTarget section */
		610AFC761789B0DF0086CDBF /* Simple Table */ = {
			isa = PBXNativeTarget;
			buildConfigurationList = 610AFC9A1789B0DF0086CDBF /* Build configuration list for PBXNativeTarget "Simple Table" */;
			buildPhases = (
				610AFC731789B0DF0086CDBF /* Sources */,
				610AFC741789B0DF0086CDBF /* Frameworks */,
				610AFC751789B0DF0086CDBF /* Resources */,
			);
			buildRules = (
			);
			dependencies = (
			);
			name = "Simple Table";
			productName = "Simple Table";
			productReference = 610AFC771789B0DF0086CDBF /* Simple Table.app */;
			productType = "com.apple.product-type.application";
		};
/* End PBXNativeTarget section */

/* Begin PBXProject section */
		610AFC6F1789B0DF0086CDBF /* Project object */ = {
			isa = PBXProject;
			attributes = {
				CLASSPREFIX = XY;
				LastUpgradeCheck = 0460;
				ORGANIZATIONNAME = "Xia Yong";
			};
			buildConfigurationList = 610AFC721789B0DF0086CDBF /* Build configuration list for PBXProject "Simple Table" */;
			compatibilityVersion = "Xcode 3.2";
			developmentRegion = English;
			hasScannedForEncodings = 0;
			knownRegions = (
				en,
			);
			mainGroup = 610AFC6E1789B0DF0086CDBF;
			productRefGroup = 610AFC781789B0DF0086CDBF /* Products */;
			projectDirPath = "";
			projectRoot = "";
			targets = (
				610AFC761789B0DF0086CDBF /* Simple Table */,
			);
		};
/* End PBXProject section */

/* Begin PBXResourcesBuildPhase section */
		610AFC751789B0DF0086CDBF /* Resources */ = {
			isa = PBXResourcesBuildPhase;
			buildActionMask = 2147483647;
			files = (
				610AFC851789B0DF0086CDBF /* InfoPlist.strings in Resources */,
				610AFC8D1789B0DF0086CDBF /* Default.png in Resources */,
				610AFC8F1789B0DF0086CDBF /* Default@2x.png in Resources */,
				610AFC911789B0DF0086CDBF /* Default-568h@2x.png in Resources */,
				610AFC971789B0DF0086CDBF /* XYViewController.xib in Resources */,
				614655C3178C30F90084213E /* star.png in Resources */,
				614655C4178C30F90084213E /* star2.png in Resources */,
			);
			runOnlyForDeploymentPostprocessing = 0;
		};
/* End PBXResourcesBuildPhase section */

/* Begin PBXSourcesBuildPhase section */
		610AFC731789B0DF0086CDBF /* Sources */ = {
			isa = PBXSourcesBuildPhase;
			buildActionMask = 2147483647;
			files = (
				610AFC871789B0DF0086CDBF /* main.m in Sources */,
				610AFC8B1789B0DF0086CDBF /* XYAppDelegate.m in Sources */,
				610AFC941789B0DF0086CDBF /* XYViewController.m in Sources */,
			);
			runOnlyForDeploymentPostprocessing = 0;
		};
/* End PBXSourcesBuildPhase section */

/* Begin PBXVariantGroup section */
		610AFC831789B0DF0086CDBF /* InfoPlist.strings */ = {
			isa = PBXVariantGroup;
			children = (
				610AFC841789B0DF0086CDBF /* en */,
			);
			name = InfoPlist.strings;
			sourceTree = "<group>";
		};
		610AFC951789B0DF0086CDBF /* XYViewController.xib */ = {
			isa = PBXVariantGroup;
			children = (
				610AFC961789B0DF0086CDBF /* en */,
			);
			name = XYViewController.xib;
			sourceTree = "<group>";
		};
/* End PBXVariantGroup section */

/* Begin XCBuildConfiguration section */
		610AFC981789B0DF0086CDBF /* Debug */ = {
			isa = XCBuildConfiguration;
			buildSettings = {
				ALWAYS_SEARCH_USER_PATHS = NO;
				CLANG_CXX_LANGUAGE_STANDARD = "gnu++0x";
				CLANG_CXX_LIBRARY = "libc++";
				CLANG_ENABLE_OBJC_ARC = YES;
				CLANG_WARN_CONSTANT_CONVERSION = YES;
				CLANG_WARN_EMPTY_BODY = YES;
				CLANG_WARN_ENUM_CONVERSION = YES;
				CLANG_WARN_INT_CONVERSION = YES;
				CLANG_WARN__DUPLICATE_METHOD_MATCH = YES;
				"CODE_SIGN_IDENTITY[sdk=iphoneos*]" = "iPhone Developer";
				COPY_PHASE_STRIP = NO;
				GCC_C_LANGUAGE_STANDARD = gnu99;
				GCC_DYNAMIC_NO_PIC = NO;
				GCC_OPTIMIZATION_LEVEL = 0;
				GCC_PREPROCESSOR_DEFINITIONS = (
					"DEBUG=1",
					"$(inherited)",
				);
				GCC_SYMBOLS_PRIVATE_EXTERN = NO;
				GCC_WARN_ABOUT_RETURN_TYPE = YES;
				GCC_WARN_UNINITIALIZED_AUTOS = YES;
				GCC_WARN_UNUSED_VARIABLE = YES;
				IPHONEOS_DEPLOYMENT_TARGET = 6.1;
				ONLY_ACTIVE_ARCH = YES;
				SDKROOT = iphoneos;
			};
			name = Debug;
		};
		610AFC991789B0DF0086CDBF /* Release */ = {
			isa = XCBuildConfiguration;
			buildSettings = {
				ALWAYS_SEARCH_USER_PATHS = NO;
				CLANG_CXX_LANGUAGE_STANDARD = "gnu++0x";
				CLANG_CXX_LIBRARY = "libc++";
				CLANG_ENABLE_OBJC_ARC = YES;
				CLANG_WARN_CONSTANT_CONVERSION = YES;
				CLANG_WARN_EMPTY_BODY = YES;
				CLANG_WARN_ENUM_CONVERSION = YES;
				CLANG_WARN_INT_CONVERSION = YES;
				CLANG_WARN__DUPLICATE_METHOD_MATCH = YES;
				"CODE_SIGN_IDENTITY[sdk=iphoneos*]" = "iPhone Developer";
				COPY_PHASE_STRIP = YES;
				GCC_C_LANGUAGE_STANDARD = gnu99;
				GCC_WARN_ABOUT_RETURN_TYPE = YES;
				GCC_WARN_UNINITIALIZED_AUTOS = YES;
				GCC_WARN_UNUSED_VARIABLE = YES;
				IPHONEOS_DEPLOYMENT_TARGET = 6.1;
				OTHER_CFLAGS = "-DNS_BLOCK_ASSERTIONS=1";
				SDKROOT = iphoneos;
				VALIDATE_PRODUCT = YES;
			};
			name = Release;
		};
		610AFC9B1789B0DF0086CDBF /* Debug */ = {
			isa = XCBuildConfiguration;
			buildSettings = {
				GCC_PRECOMPILE_PREFIX_HEADER = YES;
				GCC_PREFIX_HEADER = "Simple Table/Simple Table-Prefix.pch";
				INFOPLIST_FILE = "Simple Table/Simple Table-Info.plist";
				PRODUCT_NAME = "$(TARGET_NAME)";
				WRAPPER_EXTENSION = app;
			};
			name = Debug;
		};
		610AFC9C1789B0DF0086CDBF /* Release */ = {
			isa = XCBuildConfiguration;
			buildSettings = {
				GCC_PRECOMPILE_PREFIX_HEADER = YES;
				GCC_PREFIX_HEADER = "Simple Table/Simple Table-Prefix.pch";
				INFOPLIST_FILE = "Simple Table/Simple Table-Info.plist";
				PRODUCT_NAME = "$(TARGET_NAME)";
				WRAPPER_EXTENSION = app;
			};
			name = Release;
		};
/* End XCBuildConfiguration section */

/* Begin XCConfigurationList section */
		610AFC721789B0DF0086CDBF /* Build configuration list for PBXProject "Simple Table" */ = {
			isa = XCConfigurationList;
			buildConfigurations = (
				610AFC981789B0DF0086CDBF /* Debug */,
				610AFC991789B0DF0086CDBF /* Release */,
			);
			defaultConfigurationIsVisible = 0;
			defaultConfigurationName = Release;
		};
		610AFC9A1789B0DF0086CDBF /* Build configuration list for PBXNativeTarget "Simple Table" */ = {
			isa = XCConfigurationList;
			buildConfigurations = (
				610AFC9B1789B0DF0086CDBF /* Debug */,
				610AFC9C1789B0DF0086CDBF /* Release */,
			);
			defaultConfigurationIsVisible = 0;
			defaultConfigurationName = Release;
		};
/* End XCConfigurationList section */
	};
	rootObject = 610AFC6F1789B0DF0086CDBF /* Project object */;
}
